
Microsoft Visual Studio Solution File, Format Version 12.00
# Visual Studio 15
VisualStudioVersion = 15.0.27004.2008
MinimumVisualStudioVersion = 10.0.40219.1
Project("{FAE04EC0-301F-11D3-BF4B-00C04F79EFBC}") = "wordPad", "wordPad\wordPad.csproj", "{2A02FF38-213D-4D9D-B4F7-CBBA750AFDF0}"
EndProject
Global
	GlobalSection(SolutionConfigurationPlatforms) = preSolution
		Debug|Any CPU = Debug|Any CPU
		Release|Any CPU = Release|Any CPU
	EndGlobalSection
	GlobalSection(ProjectConfigurationPlatforms) = postSolution
		{2A02FF38-213D-4D9D-B4F7-CBBA750AFDF0}.Debug|Any CPU.ActiveCfg = Debug|Any CPU
		{2A02FF38-213D-4D9D-B4F7-CBBA750AFDF0}.Debug|Any CPU.Build.0 = Debug|Any CPU
		{2A02FF38-213D-4D9D-B4F7-CBBA750AFDF0}.Release|Any CPU.ActiveCfg = Release|Any CPU
		{2A02FF38-213D-4D9D-B4F7-CBBA750AFDF0}.Release|Any CPU.Build.0 = Release|Any CPU
	EndGlobalSection
	GlobalSection(SolutionProperties) = preSolution
		HideSolutionNode = FALSE
	EndGlobalSection
	GlobalSection(ExtensibilityGlobals) = postSolution
		SolutionGuid = {9F81245F-2CE7-4047-A79A-DE3CC88031DC}
	EndGlobalSection
EndGlobal
